// !$*UTF8*$!
{
	archiveVersion = 1;
	classes = {
	};
	objectVersion = 56;
	objects = {

/* Begin PBXBuildFile section */
		6B4D96DB2B08657600977A82 /* AppDelegate.swift in Sources */ = {isa = PBXBuildFile; fileRef = 6B4D96DA2B08657600977A82 /* AppDelegate.swift */; };
		6B4D96DD2B08657600977A82 /* SceneDelegate.swift in Sources */ = {isa = PBXBuildFile; fileRef = 6B4D96DC2B08657600977A82 /* SceneDelegate.swift */; };
		6B4D96DF2B08657600977A82 /* ViewController.swift in Sources */ = {isa = PBXBuildFile; fileRef = 6B4D96DE2B08657600977A82 /* ViewController.swift */; };
		6B4D96E42B08657700977A82 /* Assets.xcassets in Resources */ = {isa = PBXBuildFile; fileRef = 6B4D96E32B08657700977A82 /* Assets.xcassets */; };
		6B4D96E72B08657700977A82 /* LaunchScreen.storyboard in Resources */ = {isa = PBXBuildFile; fileRef = 6B4D96E52B08657700977A82 /* LaunchScreen.storyboard */; };
		6BAD1A8F2B0A636F00837590 /* SnapKit in Frameworks */ = {isa = PBXBuildFile; productRef = 6BAD1A8E2B0A636F00837590 /* SnapKit */; };
		6BAD1A922B0A637B00837590 /* Then in Frameworks */ = {isa = PBXBuildFile; productRef = 6BAD1A912B0A637B00837590 /* Then */; };
		6BAD1A952B0A639700837590 /* CombineMoya in Frameworks */ = {isa = PBXBuildFile; productRef = 6BAD1A942B0A639700837590 /* CombineMoya */; };
		6BAD1A972B0A639700837590 /* Moya in Frameworks */ = {isa = PBXBuildFile; productRef = 6BAD1A962B0A639700837590 /* Moya */; };
		6BAD1A992B0A639700837590 /* ReactiveMoya in Frameworks */ = {isa = PBXBuildFile; productRef = 6BAD1A982B0A639700837590 /* ReactiveMoya */; };
		6BAD1A9B2B0A639700837590 /* RxMoya in Frameworks */ = {isa = PBXBuildFile; productRef = 6BAD1A9A2B0A639700837590 /* RxMoya */; };
		6BAD1AAD2B0A664300837590 /* MainSearchViewController.swift in Sources */ = {isa = PBXBuildFile; fileRef = 6BAD1AAC2B0A664300837590 /* MainSearchViewController.swift */; };
		6BAD1AAF2B0A665000837590 /* SearchResultViewController.swift in Sources */ = {isa = PBXBuildFile; fileRef = 6BAD1AAE2B0A665000837590 /* SearchResultViewController.swift */; };
		6BAD1AB12B0A665900837590 /* DetailViewController.swift in Sources */ = {isa = PBXBuildFile; fileRef = 6BAD1AB02B0A665900837590 /* DetailViewController.swift */; };
		6BAD1AB32B0A666200837590 /* FindingRouteViewController.swift in Sources */ = {isa = PBXBuildFile; fileRef = 6BAD1AB22B0A666200837590 /* FindingRouteViewController.swift */; };
		6BAD1ABD2B0A66C200837590 /* UIView+.swift in Sources */ = {isa = PBXBuildFile; fileRef = 6BAD1ABC2B0A66C200837590 /* UIView+.swift */; };
		6BAD1ABF2B0A66D800837590 /* ColorLiterals.swift in Sources */ = {isa = PBXBuildFile; fileRef = 6BAD1ABE2B0A66D800837590 /* ColorLiterals.swift */; };
		6BAD1AC12B0A66E300837590 /* ImageLiterals.swift in Sources */ = {isa = PBXBuildFile; fileRef = 6BAD1AC02B0A66E300837590 /* ImageLiterals.swift */; };
		6BAD1AC32B0A66ED00837590 /* FontLiterals.swift in Sources */ = {isa = PBXBuildFile; fileRef = 6BAD1AC22B0A66ED00837590 /* FontLiterals.swift */; };
		6BAD1AC72B0A680E00837590 /* UIViewController+.swift in Sources */ = {isa = PBXBuildFile; fileRef = 6BAD1AC62B0A680D00837590 /* UIViewController+.swift */; };
		6BAD1AC92B0A682200837590 /* UIStackView+.swift in Sources */ = {isa = PBXBuildFile; fileRef = 6BAD1AC82B0A682200837590 /* UIStackView+.swift */; };
		6BAD1ACB2B0A683600837590 /* UITextField+.swift in Sources */ = {isa = PBXBuildFile; fileRef = 6BAD1ACA2B0A683600837590 /* UITextField+.swift */; };
		6BAD1ACD2B0A684900837590 /* UILabel+.swift in Sources */ = {isa = PBXBuildFile; fileRef = 6BAD1ACC2B0A684900837590 /* UILabel+.swift */; };
		6BAD1ADD2B0C7EA300837590 /* Pretendard-Bold.otf in Resources */ = {isa = PBXBuildFile; fileRef = 6BAD1AD92B0C7EA300837590 /* Pretendard-Bold.otf */; };
		6BAD1ADE2B0C7EA300837590 /* Pretendard-Regular.otf in Resources */ = {isa = PBXBuildFile; fileRef = 6BAD1ADA2B0C7EA300837590 /* Pretendard-Regular.otf */; };
		6BAD1ADF2B0C7EA300837590 /* Pretendard-Medium.otf in Resources */ = {isa = PBXBuildFile; fileRef = 6BAD1ADB2B0C7EA300837590 /* Pretendard-Medium.otf */; };
		6BAD1AE02B0C7EA300837590 /* Pretendard-SemiBold.otf in Resources */ = {isa = PBXBuildFile; fileRef = 6BAD1ADC2B0C7EA300837590 /* Pretendard-SemiBold.otf */; };
		6BF2E54D2B11C62E003F1835 /* MainSearchLocationModel.swift in Sources */ = {isa = PBXBuildFile; fileRef = 6BF2E54C2B11C62E003F1835 /* MainSearchLocationModel.swift */; };
		6BF2E5502B11C64B003F1835 /* MainSearchRootView.swift in Sources */ = {isa = PBXBuildFile; fileRef = 6BF2E54F2B11C64B003F1835 /* MainSearchRootView.swift */; };
		6BF2E5532B11C8E7003F1835 /* EmptySearchView.swift in Sources */ = {isa = PBXBuildFile; fileRef = 6BF2E5522B11C8E7003F1835 /* EmptySearchView.swift */; };
		6BF2E57C2B136AFE003F1835 /* SearchRecommendCollectionViewCell.swift in Sources */ = {isa = PBXBuildFile; fileRef = 6BF2E57B2B136AFE003F1835 /* SearchRecommendCollectionViewCell.swift */; };
		6BF2E57E2B136CD1003F1835 /* SearchResultTableViewCell.swift in Sources */ = {isa = PBXBuildFile; fileRef = 6BF2E57D2B136CD1003F1835 /* SearchResultTableViewCell.swift */; };
		6BF2E5812B15E711003F1835 /* FindingRouteModel.swift in Sources */ = {isa = PBXBuildFile; fileRef = 6BF2E5802B15E711003F1835 /* FindingRouteModel.swift */; };
		6BF2E5842B15E728003F1835 /* FindingRouteRootView.swift in Sources */ = {isa = PBXBuildFile; fileRef = 6BF2E5832B15E728003F1835 /* FindingRouteRootView.swift */; };
		6BF2E58A2B16000E003F1835 /* FindingRouteCollectionViewCell.swift in Sources */ = {isa = PBXBuildFile; fileRef = 6BF2E5892B16000E003F1835 /* FindingRouteCollectionViewCell.swift */; };
		6BF2E58D2B160DBF003F1835 /* Kingfisher in Frameworks */ = {isa = PBXBuildFile; productRef = 6BF2E58C2B160DBF003F1835 /* Kingfisher */; };
		9424888A2B14742D00CEFF84 /* VisitorSectionHeaderView.swift in Sources */ = {isa = PBXBuildFile; fileRef = 942488892B14742D00CEFF84 /* VisitorSectionHeaderView.swift */; };
		9450BD3A2B11B9B9009FEFD8 /* DetailVisitorReviewData.swift in Sources */ = {isa = PBXBuildFile; fileRef = 9450BD392B11B9B9009FEFD8 /* DetailVisitorReviewData.swift */; };
		946EEE412B14A73D007120F9 /* BlogReviewCollectionViewCell.swift in Sources */ = {isa = PBXBuildFile; fileRef = 946EEE402B14A73D007120F9 /* BlogReviewCollectionViewCell.swift */; };
		946EEE432B14B1B6007120F9 /* DetailBlogData.swift in Sources */ = {isa = PBXBuildFile; fileRef = 946EEE422B14B1B6007120F9 /* DetailBlogData.swift */; };
		946EEE452B158A89007120F9 /* BlogSectionHeaderView.swift in Sources */ = {isa = PBXBuildFile; fileRef = 946EEE442B158A89007120F9 /* BlogSectionHeaderView.swift */; };
		946EEE472B159A76007120F9 /* LinksSectionHeaderView.swift in Sources */ = {isa = PBXBuildFile; fileRef = 946EEE462B159A76007120F9 /* LinksSectionHeaderView.swift */; };
		949D34F32B1037DB00ECA9CF /* MenuCollectionViewCell.swift in Sources */ = {isa = PBXBuildFile; fileRef = 949D34F22B1037DB00ECA9CF /* MenuCollectionViewCell.swift */; };
		949D34F62B1046EB00ECA9CF /* DetailMenuData.swift in Sources */ = {isa = PBXBuildFile; fileRef = 949D34F52B1046EB00ECA9CF /* DetailMenuData.swift */; };
		949D34F82B10737B00ECA9CF /* MenuSectionHeaderView.swift in Sources */ = {isa = PBXBuildFile; fileRef = 949D34F72B10737B00ECA9CF /* MenuSectionHeaderView.swift */; };
		949D34FA2B10819500ECA9CF /* SectionFooterView.swift in Sources */ = {isa = PBXBuildFile; fileRef = 949D34F92B10819500ECA9CF /* SectionFooterView.swift */; };
		949D34FC2B10FCD000ECA9CF /* VisitorReviewCollectionViewCell.swift in Sources */ = {isa = PBXBuildFile; fileRef = 949D34FB2B10FCD000ECA9CF /* VisitorReviewCollectionViewCell.swift */; };
		94BDA9FA2B0EE80500B284EC /* DescriptionSectionHeaderView.swift in Sources */ = {isa = PBXBuildFile; fileRef = 94BDA9F92B0EE80500B284EC /* DescriptionSectionHeaderView.swift */; };
		94F380AD2B0CAF0E00657538 /* DetailMainSectionHeaderView.swift in Sources */ = {isa = PBXBuildFile; fileRef = 94F380AC2B0CAF0E00657538 /* DetailMainSectionHeaderView.swift */; };
		CA9DAA672B10B89C00135337 /* DetailLocationView.swift in Sources */ = {isa = PBXBuildFile; fileRef = CA9DAA662B10B89C00135337 /* DetailLocationView.swift */; };
		CA9DAA6C2B11092000135337 /* FloatingPanel in Frameworks */ = {isa = PBXBuildFile; productRef = CA9DAA6B2B11092000135337 /* FloatingPanel */; };
		CA9DAA9B2B11B8FD00135337 /* DetailLocationViewController.swift in Sources */ = {isa = PBXBuildFile; fileRef = CA9DAA9A2B11B8FD00135337 /* DetailLocationViewController.swift */; };
		CA9DAAA12B11BC2600135337 /* UIImageView+.swift in Sources */ = {isa = PBXBuildFile; fileRef = CA9DAAA02B11BC2600135337 /* UIImageView+.swift */; };
		CA9DAAA32B11BD8900135337 /* FloatingPanelController+.swift in Sources */ = {isa = PBXBuildFile; fileRef = CA9DAAA22B11BD8900135337 /* FloatingPanelController+.swift */; };
		CA9DAAA52B11BE0100135337 /* MyFloatingPanelLayout.swift in Sources */ = {isa = PBXBuildFile; fileRef = CA9DAAA42B11BE0100135337 /* MyFloatingPanelLayout.swift */; };
/* End PBXBuildFile section */

/* Begin PBXFileReference section */
		6B4D96D72B08657600977A82 /* NAVER-MAP-iOS.app */ = {isa = PBXFileReference; explicitFileType = wrapper.application; includeInIndex = 0; path = "NAVER-MAP-iOS.app"; sourceTree = BUILT_PRODUCTS_DIR; };
		6B4D96DA2B08657600977A82 /* AppDelegate.swift */ = {isa = PBXFileReference; lastKnownFileType = sourcecode.swift; path = AppDelegate.swift; sourceTree = "<group>"; };
		6B4D96DC2B08657600977A82 /* SceneDelegate.swift */ = {isa = PBXFileReference; lastKnownFileType = sourcecode.swift; path = SceneDelegate.swift; sourceTree = "<group>"; };
		6B4D96DE2B08657600977A82 /* ViewController.swift */ = {isa = PBXFileReference; lastKnownFileType = sourcecode.swift; path = ViewController.swift; sourceTree = "<group>"; };
		6B4D96E32B08657700977A82 /* Assets.xcassets */ = {isa = PBXFileReference; lastKnownFileType = folder.assetcatalog; path = Assets.xcassets; sourceTree = "<group>"; };
		6B4D96E62B08657700977A82 /* Base */ = {isa = PBXFileReference; lastKnownFileType = file.storyboard; name = Base; path = Base.lproj/LaunchScreen.storyboard; sourceTree = "<group>"; };
		6B4D96E82B08657700977A82 /* Info.plist */ = {isa = PBXFileReference; lastKnownFileType = text.plist.xml; path = Info.plist; sourceTree = "<group>"; };
		6BAD1AAC2B0A664300837590 /* MainSearchViewController.swift */ = {isa = PBXFileReference; lastKnownFileType = sourcecode.swift; path = MainSearchViewController.swift; sourceTree = "<group>"; };
		6BAD1AAE2B0A665000837590 /* SearchResultViewController.swift */ = {isa = PBXFileReference; lastKnownFileType = sourcecode.swift; path = SearchResultViewController.swift; sourceTree = "<group>"; };
		6BAD1AB02B0A665900837590 /* DetailViewController.swift */ = {isa = PBXFileReference; lastKnownFileType = sourcecode.swift; path = DetailViewController.swift; sourceTree = "<group>"; };
		6BAD1AB22B0A666200837590 /* FindingRouteViewController.swift */ = {isa = PBXFileReference; lastKnownFileType = sourcecode.swift; path = FindingRouteViewController.swift; sourceTree = "<group>"; };
		6BAD1ABC2B0A66C200837590 /* UIView+.swift */ = {isa = PBXFileReference; lastKnownFileType = sourcecode.swift; path = "UIView+.swift"; sourceTree = "<group>"; };
		6BAD1ABE2B0A66D800837590 /* ColorLiterals.swift */ = {isa = PBXFileReference; lastKnownFileType = sourcecode.swift; path = ColorLiterals.swift; sourceTree = "<group>"; };
		6BAD1AC02B0A66E300837590 /* ImageLiterals.swift */ = {isa = PBXFileReference; lastKnownFileType = sourcecode.swift; path = ImageLiterals.swift; sourceTree = "<group>"; };
		6BAD1AC22B0A66ED00837590 /* FontLiterals.swift */ = {isa = PBXFileReference; lastKnownFileType = sourcecode.swift; path = FontLiterals.swift; sourceTree = "<group>"; };
		6BAD1AC62B0A680D00837590 /* UIViewController+.swift */ = {isa = PBXFileReference; lastKnownFileType = sourcecode.swift; path = "UIViewController+.swift"; sourceTree = "<group>"; };
		6BAD1AC82B0A682200837590 /* UIStackView+.swift */ = {isa = PBXFileReference; lastKnownFileType = sourcecode.swift; path = "UIStackView+.swift"; sourceTree = "<group>"; };
		6BAD1ACA2B0A683600837590 /* UITextField+.swift */ = {isa = PBXFileReference; lastKnownFileType = sourcecode.swift; path = "UITextField+.swift"; sourceTree = "<group>"; };
		6BAD1ACC2B0A684900837590 /* UILabel+.swift */ = {isa = PBXFileReference; lastKnownFileType = sourcecode.swift; path = "UILabel+.swift"; sourceTree = "<group>"; };
		6BAD1AD92B0C7EA300837590 /* Pretendard-Bold.otf */ = {isa = PBXFileReference; lastKnownFileType = file; path = "Pretendard-Bold.otf"; sourceTree = "<group>"; };
		6BAD1ADA2B0C7EA300837590 /* Pretendard-Regular.otf */ = {isa = PBXFileReference; lastKnownFileType = file; path = "Pretendard-Regular.otf"; sourceTree = "<group>"; };
		6BAD1ADB2B0C7EA300837590 /* Pretendard-Medium.otf */ = {isa = PBXFileReference; lastKnownFileType = file; path = "Pretendard-Medium.otf"; sourceTree = "<group>"; };
		6BAD1ADC2B0C7EA300837590 /* Pretendard-SemiBold.otf */ = {isa = PBXFileReference; lastKnownFileType = file; path = "Pretendard-SemiBold.otf"; sourceTree = "<group>"; };
		6BF2E54C2B11C62E003F1835 /* MainSearchLocationModel.swift */ = {isa = PBXFileReference; lastKnownFileType = sourcecode.swift; path = MainSearchLocationModel.swift; sourceTree = "<group>"; };
		6BF2E54F2B11C64B003F1835 /* MainSearchRootView.swift */ = {isa = PBXFileReference; lastKnownFileType = sourcecode.swift; path = MainSearchRootView.swift; sourceTree = "<group>"; };
		6BF2E5522B11C8E7003F1835 /* EmptySearchView.swift */ = {isa = PBXFileReference; lastKnownFileType = sourcecode.swift; path = EmptySearchView.swift; sourceTree = "<group>"; };
		6BF2E57B2B136AFE003F1835 /* SearchRecommendCollectionViewCell.swift */ = {isa = PBXFileReference; lastKnownFileType = sourcecode.swift; path = SearchRecommendCollectionViewCell.swift; sourceTree = "<group>"; };
		6BF2E57D2B136CD1003F1835 /* SearchResultTableViewCell.swift */ = {isa = PBXFileReference; lastKnownFileType = sourcecode.swift; path = SearchResultTableViewCell.swift; sourceTree = "<group>"; };
		6BF2E5802B15E711003F1835 /* FindingRouteModel.swift */ = {isa = PBXFileReference; lastKnownFileType = sourcecode.swift; path = FindingRouteModel.swift; sourceTree = "<group>"; };
		6BF2E5832B15E728003F1835 /* FindingRouteRootView.swift */ = {isa = PBXFileReference; lastKnownFileType = sourcecode.swift; path = FindingRouteRootView.swift; sourceTree = "<group>"; };
		6BF2E5892B16000E003F1835 /* FindingRouteCollectionViewCell.swift */ = {isa = PBXFileReference; lastKnownFileType = sourcecode.swift; path = FindingRouteCollectionViewCell.swift; sourceTree = "<group>"; };
		942488892B14742D00CEFF84 /* VisitorSectionHeaderView.swift */ = {isa = PBXFileReference; lastKnownFileType = sourcecode.swift; path = VisitorSectionHeaderView.swift; sourceTree = "<group>"; };
		9450BD392B11B9B9009FEFD8 /* DetailVisitorReviewData.swift */ = {isa = PBXFileReference; lastKnownFileType = sourcecode.swift; path = DetailVisitorReviewData.swift; sourceTree = "<group>"; };
		946EEE402B14A73D007120F9 /* BlogReviewCollectionViewCell.swift */ = {isa = PBXFileReference; lastKnownFileType = sourcecode.swift; path = BlogReviewCollectionViewCell.swift; sourceTree = "<group>"; };
		946EEE422B14B1B6007120F9 /* DetailBlogData.swift */ = {isa = PBXFileReference; lastKnownFileType = sourcecode.swift; path = DetailBlogData.swift; sourceTree = "<group>"; };
		946EEE442B158A89007120F9 /* BlogSectionHeaderView.swift */ = {isa = PBXFileReference; lastKnownFileType = sourcecode.swift; path = BlogSectionHeaderView.swift; sourceTree = "<group>"; };
		946EEE462B159A76007120F9 /* LinksSectionHeaderView.swift */ = {isa = PBXFileReference; lastKnownFileType = sourcecode.swift; path = LinksSectionHeaderView.swift; sourceTree = "<group>"; };
		949D34F22B1037DB00ECA9CF /* MenuCollectionViewCell.swift */ = {isa = PBXFileReference; lastKnownFileType = sourcecode.swift; path = MenuCollectionViewCell.swift; sourceTree = "<group>"; };
		949D34F52B1046EB00ECA9CF /* DetailMenuData.swift */ = {isa = PBXFileReference; lastKnownFileType = sourcecode.swift; path = DetailMenuData.swift; sourceTree = "<group>"; };
		949D34F72B10737B00ECA9CF /* MenuSectionHeaderView.swift */ = {isa = PBXFileReference; lastKnownFileType = sourcecode.swift; path = MenuSectionHeaderView.swift; sourceTree = "<group>"; };
		949D34F92B10819500ECA9CF /* SectionFooterView.swift */ = {isa = PBXFileReference; lastKnownFileType = sourcecode.swift; path = SectionFooterView.swift; sourceTree = "<group>"; };
		949D34FB2B10FCD000ECA9CF /* VisitorReviewCollectionViewCell.swift */ = {isa = PBXFileReference; lastKnownFileType = sourcecode.swift; path = VisitorReviewCollectionViewCell.swift; sourceTree = "<group>"; };
		94BDA9F92B0EE80500B284EC /* DescriptionSectionHeaderView.swift */ = {isa = PBXFileReference; lastKnownFileType = sourcecode.swift; path = DescriptionSectionHeaderView.swift; sourceTree = "<group>"; };
		94F380AC2B0CAF0E00657538 /* DetailMainSectionHeaderView.swift */ = {isa = PBXFileReference; lastKnownFileType = sourcecode.swift; path = DetailMainSectionHeaderView.swift; sourceTree = "<group>"; };
		CA9DAA662B10B89C00135337 /* DetailLocationView.swift */ = {isa = PBXFileReference; lastKnownFileType = sourcecode.swift; path = DetailLocationView.swift; sourceTree = "<group>"; };
		CA9DAA9A2B11B8FD00135337 /* DetailLocationViewController.swift */ = {isa = PBXFileReference; lastKnownFileType = sourcecode.swift; path = DetailLocationViewController.swift; sourceTree = "<group>"; };
		CA9DAAA02B11BC2600135337 /* UIImageView+.swift */ = {isa = PBXFileReference; lastKnownFileType = sourcecode.swift; path = "UIImageView+.swift"; sourceTree = "<group>"; };
		CA9DAAA22B11BD8900135337 /* FloatingPanelController+.swift */ = {isa = PBXFileReference; lastKnownFileType = sourcecode.swift; path = "FloatingPanelController+.swift"; sourceTree = "<group>"; };
		CA9DAAA42B11BE0100135337 /* MyFloatingPanelLayout.swift */ = {isa = PBXFileReference; lastKnownFileType = sourcecode.swift; path = MyFloatingPanelLayout.swift; sourceTree = "<group>"; };
/* End PBXFileReference section */

/* Begin PBXFrameworksBuildPhase section */
		6B4D96D42B08657600977A82 /* Frameworks */ = {
			isa = PBXFrameworksBuildPhase;
			buildActionMask = 2147483647;
			files = (
				6BAD1A9B2B0A639700837590 /* RxMoya in Frameworks */,
				6BAD1A8F2B0A636F00837590 /* SnapKit in Frameworks */,
				6BAD1A922B0A637B00837590 /* Then in Frameworks */,
				6BAD1A972B0A639700837590 /* Moya in Frameworks */,
				6BF2E58D2B160DBF003F1835 /* Kingfisher in Frameworks */,
				6BAD1A992B0A639700837590 /* ReactiveMoya in Frameworks */,
				CA9DAA6C2B11092000135337 /* FloatingPanel in Frameworks */,
				6BAD1A952B0A639700837590 /* CombineMoya in Frameworks */,
			);
			runOnlyForDeploymentPostprocessing = 0;
		};
/* End PBXFrameworksBuildPhase section */

/* Begin PBXGroup section */
		6B4D96CE2B08657600977A82 = {
			isa = PBXGroup;
			children = (
				6B4D96D92B08657600977A82 /* NAVER-MAP-iOS */,
				6B4D96D82B08657600977A82 /* Products */,
			);
			sourceTree = "<group>";
		};
		6B4D96D82B08657600977A82 /* Products */ = {
			isa = PBXGroup;
			children = (
				6B4D96D72B08657600977A82 /* NAVER-MAP-iOS.app */,
			);
			name = Products;
			sourceTree = "<group>";
		};
		6B4D96D92B08657600977A82 /* NAVER-MAP-iOS */ = {
			isa = PBXGroup;
			children = (
				6BAD1A9C2B0A650C00837590 /* Application */,
				6BAD1A9D2B0A651E00837590 /* Global */,
				6BAD1AA72B0A65CE00837590 /* Screen */,
			);
			path = "NAVER-MAP-iOS";
			sourceTree = "<group>";
		};
		6BAD1A9C2B0A650C00837590 /* Application */ = {
			isa = PBXGroup;
			children = (
				6B4D96DA2B08657600977A82 /* AppDelegate.swift */,
				6B4D96DC2B08657600977A82 /* SceneDelegate.swift */,
			);
			path = Application;
			sourceTree = "<group>";
		};
		6BAD1A9D2B0A651E00837590 /* Global */ = {
			isa = PBXGroup;
			children = (
				6BAD1A9E2B0A652E00837590 /* Protocols */,
				6BAD1A9F2B0A653300837590 /* Components */,
				6BAD1AA02B0A653D00837590 /* Utilities */,
				6BAD1AA12B0A654D00837590 /* Consts */,
				6BAD1AA22B0A655600837590 /* Extensions */,
				6BAD1AA32B0A656200837590 /* Resources */,
				6BAD1AA42B0A656C00837590 /* Supporting Files */,
			);
			path = Global;
			sourceTree = "<group>";
		};
		6BAD1A9E2B0A652E00837590 /* Protocols */ = {
			isa = PBXGroup;
			children = (
			);
			path = Protocols;
			sourceTree = "<group>";
		};
		6BAD1A9F2B0A653300837590 /* Components */ = {
			isa = PBXGroup;
			children = (
			);
			path = Components;
			sourceTree = "<group>";
		};
		6BAD1AA02B0A653D00837590 /* Utilities */ = {
			isa = PBXGroup;
			children = (
			);
			path = Utilities;
			sourceTree = "<group>";
		};
		6BAD1AA12B0A654D00837590 /* Consts */ = {
			isa = PBXGroup;
			children = (
				6BAD1ABE2B0A66D800837590 /* ColorLiterals.swift */,
				6BAD1AC02B0A66E300837590 /* ImageLiterals.swift */,
				6BAD1AC22B0A66ED00837590 /* FontLiterals.swift */,
			);
			path = Consts;
			sourceTree = "<group>";
		};
		6BAD1AA22B0A655600837590 /* Extensions */ = {
			isa = PBXGroup;
			children = (
				6BAD1ABC2B0A66C200837590 /* UIView+.swift */,
				6BAD1AC62B0A680D00837590 /* UIViewController+.swift */,
				6BAD1AC82B0A682200837590 /* UIStackView+.swift */,
				6BAD1ACA2B0A683600837590 /* UITextField+.swift */,
				6BAD1ACC2B0A684900837590 /* UILabel+.swift */,
				CA9DAAA02B11BC2600135337 /* UIImageView+.swift */,
				CA9DAAA22B11BD8900135337 /* FloatingPanelController+.swift */,
			);
			path = Extensions;
			sourceTree = "<group>";
		};
		6BAD1AA32B0A656200837590 /* Resources */ = {
			isa = PBXGroup;
			children = (
				6BAD1AD82B0C7E4800837590 /* Font */,
				6B4D96E32B08657700977A82 /* Assets.xcassets */,
				6B4D96E52B08657700977A82 /* LaunchScreen.storyboard */,
			);
			path = Resources;
			sourceTree = "<group>";
		};
		6BAD1AA42B0A656C00837590 /* Supporting Files */ = {
			isa = PBXGroup;
			children = (
				6B4D96E82B08657700977A82 /* Info.plist */,
			);
			path = "Supporting Files";
			sourceTree = "<group>";
		};
		6BAD1AA72B0A65CE00837590 /* Screen */ = {
			isa = PBXGroup;
			children = (
				6B4D96DE2B08657600977A82 /* ViewController.swift */,
				6BAD1AA82B0A65DA00837590 /* MainSearch */,
				6BAD1AA92B0A65ED00837590 /* SearchResult */,
				6BAD1AAA2B0A660600837590 /* Detail */,
				6BAD1AAB2B0A661000837590 /* FindingRoute */,
			);
			path = Screen;
			sourceTree = "<group>";
		};
		6BAD1AA82B0A65DA00837590 /* MainSearch */ = {
			isa = PBXGroup;
			children = (
				6BF2E54B2B11C609003F1835 /* Model */,
				6BF2E54E2B11C636003F1835 /* View */,
				6BF2E5512B11C654003F1835 /* ViewController */,
			);
			path = MainSearch;
			sourceTree = "<group>";
		};
		6BAD1AA92B0A65ED00837590 /* SearchResult */ = {
			isa = PBXGroup;
			children = (
				6BAD1AAE2B0A665000837590 /* SearchResultViewController.swift */,
				CA9DAA662B10B89C00135337 /* DetailLocationView.swift */,
				CA9DAA9A2B11B8FD00135337 /* DetailLocationViewController.swift */,
				CA9DAAA42B11BE0100135337 /* MyFloatingPanelLayout.swift */,
			);
			path = SearchResult;
			sourceTree = "<group>";
		};
		6BAD1AAA2B0A660600837590 /* Detail */ = {
			isa = PBXGroup;
			children = (
				949D34F42B10416D00ECA9CF /* Data */,
				94F380A92B0CA9E800657538 /* View */,
				94F380A82B0CA9DB00657538 /* Layout */,
				6BAD1AB02B0A665900837590 /* DetailViewController.swift */,
			);
			path = Detail;
			sourceTree = "<group>";
		};
		6BAD1AAB2B0A661000837590 /* FindingRoute */ = {
			isa = PBXGroup;
			children = (
				6BF2E57F2B15E701003F1835 /* Model */,
				6BF2E5822B15E714003F1835 /* View */,
				6BF2E5852B15E740003F1835 /* ViewController */,
			);
			path = FindingRoute;
			sourceTree = "<group>";
		};
		6BAD1AD82B0C7E4800837590 /* Font */ = {
			isa = PBXGroup;
			children = (
				6BAD1AD92B0C7EA300837590 /* Pretendard-Bold.otf */,
				6BAD1ADB2B0C7EA300837590 /* Pretendard-Medium.otf */,
				6BAD1ADA2B0C7EA300837590 /* Pretendard-Regular.otf */,
				6BAD1ADC2B0C7EA300837590 /* Pretendard-SemiBold.otf */,
			);
			path = Font;
			sourceTree = "<group>";
		};
		6BF2E54B2B11C609003F1835 /* Model */ = {
			isa = PBXGroup;
			children = (
				6BF2E54C2B11C62E003F1835 /* MainSearchLocationModel.swift */,
			);
			path = Model;
			sourceTree = "<group>";
		};
		6BF2E54E2B11C636003F1835 /* View */ = {
			isa = PBXGroup;
			children = (
				6BF2E57A2B136A8C003F1835 /* Cell */,
				6BF2E54F2B11C64B003F1835 /* MainSearchRootView.swift */,
				6BF2E5522B11C8E7003F1835 /* EmptySearchView.swift */,
			);
			path = View;
			sourceTree = "<group>";
		};
		6BF2E5512B11C654003F1835 /* ViewController */ = {
			isa = PBXGroup;
			children = (
				6BAD1AAC2B0A664300837590 /* MainSearchViewController.swift */,
			);
			path = ViewController;
			sourceTree = "<group>";
		};
		6BF2E57A2B136A8C003F1835 /* Cell */ = {
			isa = PBXGroup;
			children = (
				6BF2E57B2B136AFE003F1835 /* SearchRecommendCollectionViewCell.swift */,
				6BF2E57D2B136CD1003F1835 /* SearchResultTableViewCell.swift */,
			);
			path = Cell;
			sourceTree = "<group>";
		};
		6BF2E57F2B15E701003F1835 /* Model */ = {
			isa = PBXGroup;
			children = (
				6BF2E5802B15E711003F1835 /* FindingRouteModel.swift */,
			);
			path = Model;
			sourceTree = "<group>";
		};
		6BF2E5822B15E714003F1835 /* View */ = {
			isa = PBXGroup;
			children = (
				6BF2E5882B15FFFB003F1835 /* Cell */,
				6BF2E5832B15E728003F1835 /* FindingRouteRootView.swift */,
			);
			path = View;
			sourceTree = "<group>";
		};
		6BF2E5852B15E740003F1835 /* ViewController */ = {
			isa = PBXGroup;
			children = (
				6BAD1AB22B0A666200837590 /* FindingRouteViewController.swift */,
			);
			path = ViewController;
			sourceTree = "<group>";
		};
		6BF2E5882B15FFFB003F1835 /* Cell */ = {
			isa = PBXGroup;
			children = (
				6BF2E5892B16000E003F1835 /* FindingRouteCollectionViewCell.swift */,
			);
			path = Cell;
			sourceTree = "<group>";
		};
		949D34F42B10416D00ECA9CF /* Data */ = {
			isa = PBXGroup;
			children = (
				949D34F52B1046EB00ECA9CF /* DetailMenuData.swift */,
				9450BD392B11B9B9009FEFD8 /* DetailVisitorReviewData.swift */,
				946EEE422B14B1B6007120F9 /* DetailBlogData.swift */,
			);
			path = Data;
			sourceTree = "<group>";
		};
		94F380A82B0CA9DB00657538 /* Layout */ = {
			isa = PBXGroup;
			children = (
			);
			path = Layout;
			sourceTree = "<group>";
		};
		94F380A92B0CA9E800657538 /* View */ = {
			isa = PBXGroup;
			children = (
				94F380AB2B0CA9F700657538 /* SupplementaryView */,
				94F380AA2B0CA9F000657538 /* Cell */,
			);
			path = View;
			sourceTree = "<group>";
		};
		94F380AA2B0CA9F000657538 /* Cell */ = {
			isa = PBXGroup;
			children = (
				949D34F22B1037DB00ECA9CF /* MenuCollectionViewCell.swift */,
				949D34FB2B10FCD000ECA9CF /* VisitorReviewCollectionViewCell.swift */,
				946EEE402B14A73D007120F9 /* BlogReviewCollectionViewCell.swift */,
			);
			path = Cell;
			sourceTree = "<group>";
		};
		94F380AB2B0CA9F700657538 /* SupplementaryView */ = {
			isa = PBXGroup;
			children = (
				94F380AC2B0CAF0E00657538 /* DetailMainSectionHeaderView.swift */,
				94BDA9F92B0EE80500B284EC /* DescriptionSectionHeaderView.swift */,
				949D34F72B10737B00ECA9CF /* MenuSectionHeaderView.swift */,
				949D34F92B10819500ECA9CF /* SectionFooterView.swift */,
				942488892B14742D00CEFF84 /* VisitorSectionHeaderView.swift */,
				946EEE442B158A89007120F9 /* BlogSectionHeaderView.swift */,
				946EEE462B159A76007120F9 /* LinksSectionHeaderView.swift */,
			);
			path = SupplementaryView;
			sourceTree = "<group>";
		};
/* End PBXGroup section */

/* Begin PBXNativeTarget section */
		6B4D96D62B08657600977A82 /* NAVER-MAP-iOS */ = {
			isa = PBXNativeTarget;
			buildConfigurationList = 6B4D96EB2B08657700977A82 /* Build configuration list for PBXNativeTarget "NAVER-MAP-iOS" */;
			buildPhases = (
				6B4D96D32B08657600977A82 /* Sources */,
				6B4D96D42B08657600977A82 /* Frameworks */,
				6B4D96D52B08657600977A82 /* Resources */,
			);
			buildRules = (
			);
			dependencies = (
			);
			name = "NAVER-MAP-iOS";
			packageProductDependencies = (
				6BAD1A8E2B0A636F00837590 /* SnapKit */,
				6BAD1A912B0A637B00837590 /* Then */,
				6BAD1A942B0A639700837590 /* CombineMoya */,
				6BAD1A962B0A639700837590 /* Moya */,
				6BAD1A982B0A639700837590 /* ReactiveMoya */,
				6BAD1A9A2B0A639700837590 /* RxMoya */,
				CA9DAA6B2B11092000135337 /* FloatingPanel */,
				6BF2E58C2B160DBF003F1835 /* Kingfisher */,
			);
			productName = "NAVER-MAP-iOS";
			productReference = 6B4D96D72B08657600977A82 /* NAVER-MAP-iOS.app */;
			productType = "com.apple.product-type.application";
		};
/* End PBXNativeTarget section */

/* Begin PBXProject section */
		6B4D96CF2B08657600977A82 /* Project object */ = {
			isa = PBXProject;
			attributes = {
				BuildIndependentTargetsInParallel = 1;
				LastSwiftUpdateCheck = 1500;
				LastUpgradeCheck = 1500;
				TargetAttributes = {
					6B4D96D62B08657600977A82 = {
						CreatedOnToolsVersion = 15.0;
					};
				};
			};
			buildConfigurationList = 6B4D96D22B08657600977A82 /* Build configuration list for PBXProject "NAVER-MAP-iOS" */;
			compatibilityVersion = "Xcode 14.0";
			developmentRegion = en;
			hasScannedForEncodings = 0;
			knownRegions = (
				en,
				Base,
			);
			mainGroup = 6B4D96CE2B08657600977A82;
			packageReferences = (
				6BAD1A8D2B0A636F00837590 /* XCRemoteSwiftPackageReference "SnapKit" */,
				6BAD1A902B0A637B00837590 /* XCRemoteSwiftPackageReference "Then" */,
				6BAD1A932B0A639700837590 /* XCRemoteSwiftPackageReference "Moya" */,
				CA9DAA6A2B11092000135337 /* XCRemoteSwiftPackageReference "FloatingPanel" */,
				6BF2E58B2B160DBF003F1835 /* XCRemoteSwiftPackageReference "Kingfisher" */,
			);
			productRefGroup = 6B4D96D82B08657600977A82 /* Products */;
			projectDirPath = "";
			projectRoot = "";
			targets = (
				6B4D96D62B08657600977A82 /* NAVER-MAP-iOS */,
			);
		};
/* End PBXProject section */

/* Begin PBXResourcesBuildPhase section */
		6B4D96D52B08657600977A82 /* Resources */ = {
			isa = PBXResourcesBuildPhase;
			buildActionMask = 2147483647;
			files = (
				6B4D96E72B08657700977A82 /* LaunchScreen.storyboard in Resources */,
				6BAD1ADF2B0C7EA300837590 /* Pretendard-Medium.otf in Resources */,
				6BAD1ADE2B0C7EA300837590 /* Pretendard-Regular.otf in Resources */,
				6BAD1AE02B0C7EA300837590 /* Pretendard-SemiBold.otf in Resources */,
				6BAD1ADD2B0C7EA300837590 /* Pretendard-Bold.otf in Resources */,
				6B4D96E42B08657700977A82 /* Assets.xcassets in Resources */,
			);
			runOnlyForDeploymentPostprocessing = 0;
		};
/* End PBXResourcesBuildPhase section */

/* Begin PBXSourcesBuildPhase section */
		6B4D96D32B08657600977A82 /* Sources */ = {
			isa = PBXSourcesBuildPhase;
			buildActionMask = 2147483647;
			files = (
				6BF2E5812B15E711003F1835 /* FindingRouteModel.swift in Sources */,
				CA9DAA672B10B89C00135337 /* DetailLocationView.swift in Sources */,
				CA9DAAA12B11BC2600135337 /* UIImageView+.swift in Sources */,
				9424888A2B14742D00CEFF84 /* VisitorSectionHeaderView.swift in Sources */,
				6BF2E57C2B136AFE003F1835 /* SearchRecommendCollectionViewCell.swift in Sources */,
				6BF2E5532B11C8E7003F1835 /* EmptySearchView.swift in Sources */,
				6B4D96DF2B08657600977A82 /* ViewController.swift in Sources */,
				946EEE412B14A73D007120F9 /* BlogReviewCollectionViewCell.swift in Sources */,
				6B4D96DB2B08657600977A82 /* AppDelegate.swift in Sources */,
				6BF2E58A2B16000E003F1835 /* FindingRouteCollectionViewCell.swift in Sources */,
				94BDA9FA2B0EE80500B284EC /* DescriptionSectionHeaderView.swift in Sources */,
				6BF2E5502B11C64B003F1835 /* MainSearchRootView.swift in Sources */,
				6BAD1AC72B0A680E00837590 /* UIViewController+.swift in Sources */,
				949D34F82B10737B00ECA9CF /* MenuSectionHeaderView.swift in Sources */,
				946EEE452B158A89007120F9 /* BlogSectionHeaderView.swift in Sources */,
				949D34FC2B10FCD000ECA9CF /* VisitorReviewCollectionViewCell.swift in Sources */,
				949D34FA2B10819500ECA9CF /* SectionFooterView.swift in Sources */,
				6BAD1ABF2B0A66D800837590 /* ColorLiterals.swift in Sources */,
				6BF2E54D2B11C62E003F1835 /* MainSearchLocationModel.swift in Sources */,
				6BAD1AAF2B0A665000837590 /* SearchResultViewController.swift in Sources */,
				6BAD1AB12B0A665900837590 /* DetailViewController.swift in Sources */,
				6BAD1ABD2B0A66C200837590 /* UIView+.swift in Sources */,
				CA9DAA9B2B11B8FD00135337 /* DetailLocationViewController.swift in Sources */,
				949D34F62B1046EB00ECA9CF /* DetailMenuData.swift in Sources */,
				949D34F62B1046EB00ECA9CF /* DetailMenuData.swift in Sources */,
				94F380AD2B0CAF0E00657538 /* DetailMainSectionHeaderView.swift in Sources */,
				6B4D96DD2B08657600977A82 /* SceneDelegate.swift in Sources */,
				946EEE472B159A76007120F9 /* LinksSectionHeaderView.swift in Sources */,
				946EEE432B14B1B6007120F9 /* DetailBlogData.swift in Sources */,
				6BAD1AC12B0A66E300837590 /* ImageLiterals.swift in Sources */,
				949D34F32B1037DB00ECA9CF /* MenuCollectionViewCell.swift in Sources */,
				6BAD1ACB2B0A683600837590 /* UITextField+.swift in Sources */,
				6BAD1ACD2B0A684900837590 /* UILabel+.swift in Sources */,
				6BAD1AAD2B0A664300837590 /* MainSearchViewController.swift in Sources */,
				6BAD1AC92B0A682200837590 /* UIStackView+.swift in Sources */,
				CA9DAAA52B11BE0100135337 /* MyFloatingPanelLayout.swift in Sources */,
				6BAD1AC32B0A66ED00837590 /* FontLiterals.swift in Sources */,
				9450BD3A2B11B9B9009FEFD8 /* DetailVisitorReviewData.swift in Sources */,
				6BF2E57E2B136CD1003F1835 /* SearchResultTableViewCell.swift in Sources */,
				6BF2E5842B15E728003F1835 /* FindingRouteRootView.swift in Sources */,
				6BAD1AB32B0A666200837590 /* FindingRouteViewController.swift in Sources */,
				CA9DAAA32B11BD8900135337 /* FloatingPanelController+.swift in Sources */,
			);
			runOnlyForDeploymentPostprocessing = 0;
		};
/* End PBXSourcesBuildPhase section */

/* Begin PBXVariantGroup section */
		6B4D96E52B08657700977A82 /* LaunchScreen.storyboard */ = {
			isa = PBXVariantGroup;
			children = (
				6B4D96E62B08657700977A82 /* Base */,
			);
			name = LaunchScreen.storyboard;
			sourceTree = "<group>";
		};
/* End PBXVariantGroup section */

/* Begin XCBuildConfiguration section */
		6B4D96E92B08657700977A82 /* Debug */ = {
			isa = XCBuildConfiguration;
			buildSettings = {
				ALWAYS_SEARCH_USER_PATHS = NO;
				ASSETCATALOG_COMPILER_GENERATE_SWIFT_ASSET_SYMBOL_EXTENSIONS = YES;
				CLANG_ANALYZER_NONNULL = YES;
				CLANG_ANALYZER_NUMBER_OBJECT_CONVERSION = YES_AGGRESSIVE;
				CLANG_CXX_LANGUAGE_STANDARD = "gnu++20";
				CLANG_ENABLE_MODULES = YES;
				CLANG_ENABLE_OBJC_ARC = YES;
				CLANG_ENABLE_OBJC_WEAK = YES;
				CLANG_WARN_BLOCK_CAPTURE_AUTORELEASING = YES;
				CLANG_WARN_BOOL_CONVERSION = YES;
				CLANG_WARN_COMMA = YES;
				CLANG_WARN_CONSTANT_CONVERSION = YES;
				CLANG_WARN_DEPRECATED_OBJC_IMPLEMENTATIONS = YES;
				CLANG_WARN_DIRECT_OBJC_ISA_USAGE = YES_ERROR;
				CLANG_WARN_DOCUMENTATION_COMMENTS = YES;
				CLANG_WARN_EMPTY_BODY = YES;
				CLANG_WARN_ENUM_CONVERSION = YES;
				CLANG_WARN_INFINITE_RECURSION = YES;
				CLANG_WARN_INT_CONVERSION = YES;
				CLANG_WARN_NON_LITERAL_NULL_CONVERSION = YES;
				CLANG_WARN_OBJC_IMPLICIT_RETAIN_SELF = YES;
				CLANG_WARN_OBJC_LITERAL_CONVERSION = YES;
				CLANG_WARN_OBJC_ROOT_CLASS = YES_ERROR;
				CLANG_WARN_QUOTED_INCLUDE_IN_FRAMEWORK_HEADER = YES;
				CLANG_WARN_RANGE_LOOP_ANALYSIS = YES;
				CLANG_WARN_STRICT_PROTOTYPES = YES;
				CLANG_WARN_SUSPICIOUS_MOVE = YES;
				CLANG_WARN_UNGUARDED_AVAILABILITY = YES_AGGRESSIVE;
				CLANG_WARN_UNREACHABLE_CODE = YES;
				CLANG_WARN__DUPLICATE_METHOD_MATCH = YES;
				COPY_PHASE_STRIP = NO;
				DEBUG_INFORMATION_FORMAT = dwarf;
				ENABLE_STRICT_OBJC_MSGSEND = YES;
				ENABLE_TESTABILITY = YES;
				ENABLE_USER_SCRIPT_SANDBOXING = YES;
				GCC_C_LANGUAGE_STANDARD = gnu17;
				GCC_DYNAMIC_NO_PIC = NO;
				GCC_NO_COMMON_BLOCKS = YES;
				GCC_OPTIMIZATION_LEVEL = 0;
				GCC_PREPROCESSOR_DEFINITIONS = (
					"DEBUG=1",
					"$(inherited)",
				);
				GCC_WARN_64_TO_32_BIT_CONVERSION = YES;
				GCC_WARN_ABOUT_RETURN_TYPE = YES_ERROR;
				GCC_WARN_UNDECLARED_SELECTOR = YES;
				GCC_WARN_UNINITIALIZED_AUTOS = YES_AGGRESSIVE;
				GCC_WARN_UNUSED_FUNCTION = YES;
				GCC_WARN_UNUSED_VARIABLE = YES;
				IPHONEOS_DEPLOYMENT_TARGET = 17.0;
				LOCALIZATION_PREFERS_STRING_CATALOGS = YES;
				MTL_ENABLE_DEBUG_INFO = INCLUDE_SOURCE;
				MTL_FAST_MATH = YES;
				ONLY_ACTIVE_ARCH = YES;
				SDKROOT = iphoneos;
				SWIFT_ACTIVE_COMPILATION_CONDITIONS = "DEBUG $(inherited)";
				SWIFT_OPTIMIZATION_LEVEL = "-Onone";
			};
			name = Debug;
		};
		6B4D96EA2B08657700977A82 /* Release */ = {
			isa = XCBuildConfiguration;
			buildSettings = {
				ALWAYS_SEARCH_USER_PATHS = NO;
				ASSETCATALOG_COMPILER_GENERATE_SWIFT_ASSET_SYMBOL_EXTENSIONS = YES;
				CLANG_ANALYZER_NONNULL = YES;
				CLANG_ANALYZER_NUMBER_OBJECT_CONVERSION = YES_AGGRESSIVE;
				CLANG_CXX_LANGUAGE_STANDARD = "gnu++20";
				CLANG_ENABLE_MODULES = YES;
				CLANG_ENABLE_OBJC_ARC = YES;
				CLANG_ENABLE_OBJC_WEAK = YES;
				CLANG_WARN_BLOCK_CAPTURE_AUTORELEASING = YES;
				CLANG_WARN_BOOL_CONVERSION = YES;
				CLANG_WARN_COMMA = YES;
				CLANG_WARN_CONSTANT_CONVERSION = YES;
				CLANG_WARN_DEPRECATED_OBJC_IMPLEMENTATIONS = YES;
				CLANG_WARN_DIRECT_OBJC_ISA_USAGE = YES_ERROR;
				CLANG_WARN_DOCUMENTATION_COMMENTS = YES;
				CLANG_WARN_EMPTY_BODY = YES;
				CLANG_WARN_ENUM_CONVERSION = YES;
				CLANG_WARN_INFINITE_RECURSION = YES;
				CLANG_WARN_INT_CONVERSION = YES;
				CLANG_WARN_NON_LITERAL_NULL_CONVERSION = YES;
				CLANG_WARN_OBJC_IMPLICIT_RETAIN_SELF = YES;
				CLANG_WARN_OBJC_LITERAL_CONVERSION = YES;
				CLANG_WARN_OBJC_ROOT_CLASS = YES_ERROR;
				CLANG_WARN_QUOTED_INCLUDE_IN_FRAMEWORK_HEADER = YES;
				CLANG_WARN_RANGE_LOOP_ANALYSIS = YES;
				CLANG_WARN_STRICT_PROTOTYPES = YES;
				CLANG_WARN_SUSPICIOUS_MOVE = YES;
				CLANG_WARN_UNGUARDED_AVAILABILITY = YES_AGGRESSIVE;
				CLANG_WARN_UNREACHABLE_CODE = YES;
				CLANG_WARN__DUPLICATE_METHOD_MATCH = YES;
				COPY_PHASE_STRIP = NO;
				DEBUG_INFORMATION_FORMAT = "dwarf-with-dsym";
				ENABLE_NS_ASSERTIONS = NO;
				ENABLE_STRICT_OBJC_MSGSEND = YES;
				ENABLE_USER_SCRIPT_SANDBOXING = YES;
				GCC_C_LANGUAGE_STANDARD = gnu17;
				GCC_NO_COMMON_BLOCKS = YES;
				GCC_WARN_64_TO_32_BIT_CONVERSION = YES;
				GCC_WARN_ABOUT_RETURN_TYPE = YES_ERROR;
				GCC_WARN_UNDECLARED_SELECTOR = YES;
				GCC_WARN_UNINITIALIZED_AUTOS = YES_AGGRESSIVE;
				GCC_WARN_UNUSED_FUNCTION = YES;
				GCC_WARN_UNUSED_VARIABLE = YES;
				IPHONEOS_DEPLOYMENT_TARGET = 17.0;
				LOCALIZATION_PREFERS_STRING_CATALOGS = YES;
				MTL_ENABLE_DEBUG_INFO = NO;
				MTL_FAST_MATH = YES;
				SDKROOT = iphoneos;
				SWIFT_COMPILATION_MODE = wholemodule;
				VALIDATE_PRODUCT = YES;
			};
			name = Release;
		};
		6B4D96EC2B08657700977A82 /* Debug */ = {
			isa = XCBuildConfiguration;
			buildSettings = {
				ASSETCATALOG_COMPILER_APPICON_NAME = AppIcon;
				ASSETCATALOG_COMPILER_GLOBAL_ACCENT_COLOR_NAME = AccentColor;
				CODE_SIGN_STYLE = Automatic;
				CURRENT_PROJECT_VERSION = 1;
				DEVELOPMENT_TEAM = 6ML57N96S3;
				GENERATE_INFOPLIST_FILE = YES;
				INFOPLIST_FILE = "NAVER-MAP-iOS/Global/Supporting Files/Info.plist";
				INFOPLIST_KEY_UIApplicationSupportsIndirectInputEvents = YES;
				INFOPLIST_KEY_UILaunchStoryboardName = LaunchScreen;
				INFOPLIST_KEY_UISupportedInterfaceOrientations_iPad = "UIInterfaceOrientationPortrait UIInterfaceOrientationPortraitUpsideDown UIInterfaceOrientationLandscapeLeft UIInterfaceOrientationLandscapeRight";
				INFOPLIST_KEY_UISupportedInterfaceOrientations_iPhone = "UIInterfaceOrientationPortrait UIInterfaceOrientationLandscapeLeft UIInterfaceOrientationLandscapeRight";
				LD_RUNPATH_SEARCH_PATHS = (
					"$(inherited)",
					"@executable_path/Frameworks",
				);
				MARKETING_VERSION = 1.0;
				PRODUCT_BUNDLE_IDENTIFIER = "yeah.NAVER-MAP-iOS";
				PRODUCT_NAME = "$(TARGET_NAME)";
				SWIFT_EMIT_LOC_STRINGS = YES;
				SWIFT_VERSION = 5.0;
				TARGETED_DEVICE_FAMILY = "1,2";
			};
			name = Debug;
		};
		6B4D96ED2B08657700977A82 /* Release */ = {
			isa = XCBuildConfiguration;
			buildSettings = {
				ASSETCATALOG_COMPILER_APPICON_NAME = AppIcon;
				ASSETCATALOG_COMPILER_GLOBAL_ACCENT_COLOR_NAME = AccentColor;
				CODE_SIGN_STYLE = Automatic;
				CURRENT_PROJECT_VERSION = 1;
				DEVELOPMENT_TEAM = 6ML57N96S3;
				GENERATE_INFOPLIST_FILE = YES;
				INFOPLIST_FILE = "NAVER-MAP-iOS/Global/Supporting Files/Info.plist";
				INFOPLIST_KEY_UIApplicationSupportsIndirectInputEvents = YES;
				INFOPLIST_KEY_UILaunchStoryboardName = LaunchScreen;
				INFOPLIST_KEY_UISupportedInterfaceOrientations_iPad = "UIInterfaceOrientationPortrait UIInterfaceOrientationPortraitUpsideDown UIInterfaceOrientationLandscapeLeft UIInterfaceOrientationLandscapeRight";
				INFOPLIST_KEY_UISupportedInterfaceOrientations_iPhone = "UIInterfaceOrientationPortrait UIInterfaceOrientationLandscapeLeft UIInterfaceOrientationLandscapeRight";
				LD_RUNPATH_SEARCH_PATHS = (
					"$(inherited)",
					"@executable_path/Frameworks",
				);
				MARKETING_VERSION = 1.0;
				PRODUCT_BUNDLE_IDENTIFIER = "yeah.NAVER-MAP-iOS";
				PRODUCT_NAME = "$(TARGET_NAME)";
				SWIFT_EMIT_LOC_STRINGS = YES;
				SWIFT_VERSION = 5.0;
				TARGETED_DEVICE_FAMILY = "1,2";
			};
			name = Release;
		};
/* End XCBuildConfiguration section */

/* Begin XCConfigurationList section */
		6B4D96D22B08657600977A82 /* Build configuration list for PBXProject "NAVER-MAP-iOS" */ = {
			isa = XCConfigurationList;
			buildConfigurations = (
				6B4D96E92B08657700977A82 /* Debug */,
				6B4D96EA2B08657700977A82 /* Release */,
			);
			defaultConfigurationIsVisible = 0;
			defaultConfigurationName = Release;
		};
		6B4D96EB2B08657700977A82 /* Build configuration list for PBXNativeTarget "NAVER-MAP-iOS" */ = {
			isa = XCConfigurationList;
			buildConfigurations = (
				6B4D96EC2B08657700977A82 /* Debug */,
				6B4D96ED2B08657700977A82 /* Release */,
			);
			defaultConfigurationIsVisible = 0;
			defaultConfigurationName = Release;
		};
/* End XCConfigurationList section */

/* Begin XCRemoteSwiftPackageReference section */
		6BAD1A8D2B0A636F00837590 /* XCRemoteSwiftPackageReference "SnapKit" */ = {
			isa = XCRemoteSwiftPackageReference;
			repositoryURL = "https://github.com/SnapKit/SnapKit.git";
			requirement = {
				kind = upToNextMajorVersion;
				minimumVersion = 5.6.0;
			};
		};
		6BAD1A902B0A637B00837590 /* XCRemoteSwiftPackageReference "Then" */ = {
			isa = XCRemoteSwiftPackageReference;
			repositoryURL = "https://github.com/devxoul/Then.git";
			requirement = {
				kind = upToNextMajorVersion;
				minimumVersion = 3.0.0;
			};
		};
		6BAD1A932B0A639700837590 /* XCRemoteSwiftPackageReference "Moya" */ = {
			isa = XCRemoteSwiftPackageReference;
			repositoryURL = "https://github.com/Moya/Moya";
			requirement = {
				kind = upToNextMajorVersion;
				minimumVersion = 15.0.3;
			};
		};
		6BF2E58B2B160DBF003F1835 /* XCRemoteSwiftPackageReference "Kingfisher" */ = {
			isa = XCRemoteSwiftPackageReference;
			repositoryURL = "https://github.com/onevcat/Kingfisher";
			requirement = {
				kind = upToNextMajorVersion;
				minimumVersion = 7.10.0;
			};
		};
		CA9DAA6A2B11092000135337 /* XCRemoteSwiftPackageReference "FloatingPanel" */ = {
			isa = XCRemoteSwiftPackageReference;
			repositoryURL = "https://github.com/scenee/FloatingPanel.git";
			requirement = {
				kind = upToNextMajorVersion;
				minimumVersion = 2.0.0;
			};
		};
/* End XCRemoteSwiftPackageReference section */

/* Begin XCSwiftPackageProductDependency section */
		6BAD1A8E2B0A636F00837590 /* SnapKit */ = {
			isa = XCSwiftPackageProductDependency;
			package = 6BAD1A8D2B0A636F00837590 /* XCRemoteSwiftPackageReference "SnapKit" */;
			productName = SnapKit;
		};
		6BAD1A912B0A637B00837590 /* Then */ = {
			isa = XCSwiftPackageProductDependency;
			package = 6BAD1A902B0A637B00837590 /* XCRemoteSwiftPackageReference "Then" */;
			productName = Then;
		};
		6BAD1A942B0A639700837590 /* CombineMoya */ = {
			isa = XCSwiftPackageProductDependency;
			package = 6BAD1A932B0A639700837590 /* XCRemoteSwiftPackageReference "Moya" */;
			productName = CombineMoya;
		};
		6BAD1A962B0A639700837590 /* Moya */ = {
			isa = XCSwiftPackageProductDependency;
			package = 6BAD1A932B0A639700837590 /* XCRemoteSwiftPackageReference "Moya" */;
			productName = Moya;
		};
		6BAD1A982B0A639700837590 /* ReactiveMoya */ = {
			isa = XCSwiftPackageProductDependency;
			package = 6BAD1A932B0A639700837590 /* XCRemoteSwiftPackageReference "Moya" */;
			productName = ReactiveMoya;
		};
		6BAD1A9A2B0A639700837590 /* RxMoya */ = {
			isa = XCSwiftPackageProductDependency;
			package = 6BAD1A932B0A639700837590 /* XCRemoteSwiftPackageReference "Moya" */;
			productName = RxMoya;
		};
		6BF2E58C2B160DBF003F1835 /* Kingfisher */ = {
			isa = XCSwiftPackageProductDependency;
			package = 6BF2E58B2B160DBF003F1835 /* XCRemoteSwiftPackageReference "Kingfisher" */;
			productName = Kingfisher;
		};
		CA9DAA6B2B11092000135337 /* FloatingPanel */ = {
			isa = XCSwiftPackageProductDependency;
			package = CA9DAA6A2B11092000135337 /* XCRemoteSwiftPackageReference "FloatingPanel" */;
			productName = FloatingPanel;
		};
/* End XCSwiftPackageProductDependency section */
	};
	rootObject = 6B4D96CF2B08657600977A82 /* Project object */;
}
